
Microsoft Visual Studio Solution File, Format Version 12.00
Project("{FAE04EC0-301F-11D3-BF4B-00C04F79EFBC}") = "ConfigForge", "ConfigForge\ConfigForge.csproj", "{ABBD7797-76FE-4B2D-AAF2-FFB4449C502A}"
EndProject
Global
	GlobalSection(SolutionConfigurationPlatforms) = preSolution
		Debug|Any CPU = Debug|Any CPU
		Release|Any CPU = Release|Any CPU
	EndGlobalSection
	GlobalSection(ProjectConfigurationPlatforms) = postSolution
		{ABBD7797-76FE-4B2D-AAF2-FFB4449C502A}.Debug|Any CPU.ActiveCfg = Debug|Any CPU
		{ABBD7797-76FE-4B2D-AAF2-FFB4449C502A}.Debug|Any CPU.Build.0 = Debug|Any CPU
		{ABBD7797-76FE-4B2D-AAF2-FFB4449C502A}.Release|Any CPU.ActiveCfg = Release|Any CPU
		{ABBD7797-76FE-4B2D-AAF2-FFB4449C502A}.Release|Any CPU.Build.0 = Release|Any CPU
	EndGlobalSection
EndGlobal
